
Microsoft Visual Studio Solution File, Format Version 12.00
# Visual Studio Version 17
VisualStudioVersion = 17.11.35208.52
MinimumVisualStudioVersion = 10.0.40219.1
Project("{FAE04EC0-301F-11D3-BF4B-00C04F79EFBC}") = "Vistainn_Kiosk", "Vistainn_Kiosk.csproj", "{548A514B-CC2D-46D2-9738-7E61057D254A}"
EndProject
Global
	GlobalSection(SolutionConfigurationPlatforms) = preSolution
		Debug|Any CPU = Debug|Any CPU
		Release|Any CPU = Release|Any CPU
	EndGlobalSection
	GlobalSection(ProjectConfigurationPlatforms) = postSolution
		{548A514B-CC2D-46D2-9738-7E61057D254A}.Debug|Any CPU.ActiveCfg = Debug|Any CPU
		{548A514B-CC2D-46D2-9738-7E61057D254A}.Debug|Any CPU.Build.0 = Debug|Any CPU
		{548A514B-CC2D-46D2-9738-7E61057D254A}.Release|Any CPU.ActiveCfg = Release|Any CPU
		{548A514B-CC2D-46D2-9738-7E61057D254A}.Release|Any CPU.Build.0 = Release|Any CPU
	EndGlobalSection
	GlobalSection(SolutionProperties) = preSolution
		HideSolutionNode = FALSE
	EndGlobalSection
	GlobalSection(ExtensibilityGlobals) = postSolution
		SolutionGuid = {130B6650-210D-4E9E-8F13-7AD8D736763A}
	EndGlobalSection
EndGlobal
